// !$*UTF8*$!
{
	archiveVersion = 1;
	classes = {
	};
	objectVersion = 46;
	objects = {

/* Begin PBXBuildFile section */
		83376FD01CCE042000ABBC70 /* main.m in Sources */ = {isa = PBXBuildFile; fileRef = 83376FCF1CCE042000ABBC70 /* main.m */; };
		83376FD31CCE042000ABBC70 /* AppDelegate.m in Sources */ = {isa = PBXBuildFile; fileRef = 83376FD21CCE042000ABBC70 /* AppDelegate.m */; };
		83376FD61CCE042000ABBC70 /* ViewController.m in Sources */ = {isa = PBXBuildFile; fileRef = 83376FD51CCE042000ABBC70 /* ViewController.m */; };
		83376FD91CCE042000ABBC70 /* Main.storyboard in Resources */ = {isa = PBXBuildFile; fileRef = 83376FD71CCE042000ABBC70 /* Main.storyboard */; };
		83376FDB1CCE042000ABBC70 /* Assets.xcassets in Resources */ = {isa = PBXBuildFile; fileRef = 83376FDA1CCE042000ABBC70 /* Assets.xcassets */; };
		83376FDE1CCE042000ABBC70 /* LaunchScreen.storyboard in Resources */ = {isa = PBXBuildFile; fileRef = 83376FDC1CCE042000ABBC70 /* LaunchScreen.storyboard */; };
		83376FE91CCE042000ABBC70 /* GroupChatClientTests.m in Sources */ = {isa = PBXBuildFile; fileRef = 83376FE81CCE042000ABBC70 /* GroupChatClientTests.m */; };
		83376FF41CCE042000ABBC70 /* GroupChatClientUITests.m in Sources */ = {isa = PBXBuildFile; fileRef = 83376FF31CCE042000ABBC70 /* GroupChatClientUITests.m */; };
		833770051CCE58AE00ABBC70 /* Documentation.html in Resources */ = {isa = PBXBuildFile; fileRef = 833770021CCE58AE00ABBC70 /* Documentation.html */; };
		833770061CCE58AE00ABBC70 /* GCDAsyncSocket.m in Sources */ = {isa = PBXBuildFile; fileRef = 833770041CCE58AE00ABBC70 /* GCDAsyncSocket.m */; };
/* End PBXBuildFile section */

/* Begin PBXContainerItemProxy section */
		83376FE51CCE042000ABBC70 /* PBXContainerItemProxy */ = {
			isa = PBXContainerItemProxy;
			containerPortal = 83376FC31CCE042000ABBC70 /* Project object */;
			proxyType = 1;
			remoteGlobalIDString = 83376FCA1CCE042000ABBC70;
			remoteInfo = GroupChatClient;
		};
		83376FF01CCE042000ABBC70 /* PBXContainerItemProxy */ = {
			isa = PBXContainerItemProxy;
			containerPortal = 83376FC31CCE042000ABBC70 /* Project object */;
			proxyType = 1;
			remoteGlobalIDString = 83376FCA1CCE042000ABBC70;
			remoteInfo = GroupChatClient;
		};
/* End PBXContainerItemProxy section */

/* Begin PBXFileReference section */
		83376FCB1CCE042000ABBC70 /* GroupChatClient.app */ = {isa = PBXFileReference; explicitFileType = wrapper.application; includeInIndex = 0; path = GroupChatClient.app; sourceTree = BUILT_PRODUCTS_DIR; };
		83376FCF1CCE042000ABBC70 /* main.m */ = {isa = PBXFileReference; lastKnownFileType = sourcecode.c.objc; path = main.m; sourceTree = "<group>"; };
		83376FD11CCE042000ABBC70 /* AppDelegate.h */ = {isa = PBXFileReference; lastKnownFileType = sourcecode.c.h; path = AppDelegate.h; sourceTree = "<group>"; };
		83376FD21CCE042000ABBC70 /* AppDelegate.m */ = {isa = PBXFileReference; lastKnownFileType = sourcecode.c.objc; path = AppDelegate.m; sourceTree = "<group>"; };
		83376FD41CCE042000ABBC70 /* ViewController.h */ = {isa = PBXFileReference; lastKnownFileType = sourcecode.c.h; path = ViewController.h; sourceTree = "<group>"; };
		83376FD51CCE042000ABBC70 /* ViewController.m */ = {isa = PBXFileReference; lastKnownFileType = sourcecode.c.objc; path = ViewController.m; sourceTree = "<group>"; };
		83376FD81CCE042000ABBC70 /* Base */ = {isa = PBXFileReference; lastKnownFileType = file.storyboard; name = Base; path = Base.lproj/Main.storyboard; sourceTree = "<group>"; };
		83376FDA1CCE042000ABBC70 /* Assets.xcassets */ = {isa = PBXFileReference; lastKnownFileType = folder.assetcatalog; path = Assets.xcassets; sourceTree = "<group>"; };
		83376FDD1CCE042000ABBC70 /* Base */ = {isa = PBXFileReference; lastKnownFileType = file.storyboard; name = Base; path = Base.lproj/LaunchScreen.storyboard; sourceTree = "<group>"; };
		83376FDF1CCE042000ABBC70 /* Info.plist */ = {isa = PBXFileReference; lastKnownFileType = text.plist.xml; path = Info.plist; sourceTree = "<group>"; };
		83376FE41CCE042000ABBC70 /* GroupChatClientTests.xctest */ = {isa = PBXFileReference; explicitFileType = wrapper.cfbundle; includeInIndex = 0; path = GroupChatClientTests.xctest; sourceTree = BUILT_PRODUCTS_DIR; };
		83376FE81CCE042000ABBC70 /* GroupChatClientTests.m */ = {isa = PBXFileReference; lastKnownFileType = sourcecode.c.objc; path = GroupChatClientTests.m; sourceTree = "<group>"; };
		83376FEA1CCE042000ABBC70 /* Info.plist */ = {isa = PBXFileReference; lastKnownFileType = text.plist.xml; path = Info.plist; sourceTree = "<group>"; };
		83376FEF1CCE042000ABBC70 /* GroupChatClientUITests.xctest */ = {isa = PBXFileReference; explicitFileType = wrapper.cfbundle; includeInIndex = 0; path = GroupChatClientUITests.xctest; sourceTree = BUILT_PRODUCTS_DIR; };
		83376FF31CCE042000ABBC70 /* GroupChatClientUITests.m */ = {isa = PBXFileReference; lastKnownFileType = sourcecode.c.objc; path = GroupChatClientUITests.m; sourceTree = "<group>"; };
		83376FF51CCE042000ABBC70 /* Info.plist */ = {isa = PBXFileReference; lastKnownFileType = text.plist.xml; path = Info.plist; sourceTree = "<group>"; };
		833770021CCE58AE00ABBC70 /* Documentation.html */ = {isa = PBXFileReference; fileEncoding = 4; lastKnownFileType = text.html; path = Documentation.html; sourceTree = "<group>"; };
		833770031CCE58AE00ABBC70 /* GCDAsyncSocket.h */ = {isa = PBXFileReference; fileEncoding = 4; lastKnownFileType = sourcecode.c.h; path = GCDAsyncSocket.h; sourceTree = "<group>"; };
		833770041CCE58AE00ABBC70 /* GCDAsyncSocket.m */ = {isa = PBXFileReference; fileEncoding = 4; lastKnownFileType = sourcecode.c.objc; path = GCDAsyncSocket.m; sourceTree = "<group>"; };
/* End PBXFileReference section */

/* Begin PBXFrameworksBuildPhase section */
		83376FC81CCE042000ABBC70 /* Frameworks */ = {
			isa = PBXFrameworksBuildPhase;
			buildActionMask = 2147483647;
			files = (
			);
			runOnlyForDeploymentPostprocessing = 0;
		};
		83376FE11CCE042000ABBC70 /* Frameworks */ = {
			isa = PBXFrameworksBuildPhase;
			buildActionMask = 2147483647;
			files = (
			);
			runOnlyForDeploymentPostprocessing = 0;
		};
		83376FEC1CCE042000ABBC70 /* Frameworks */ = {
			isa = PBXFrameworksBuildPhase;
			buildActionMask = 2147483647;
			files = (
			);
			runOnlyForDeploymentPostprocessing = 0;
		};
/* End PBXFrameworksBuildPhase section */

/* Begin PBXGroup section */
		83376FC21CCE042000ABBC70 = {
			isa = PBXGroup;
			children = (
				83376FCD1CCE042000ABBC70 /* GroupChatClient */,
				83376FE71CCE042000ABBC70 /* GroupChatClientTests */,
				83376FF21CCE042000ABBC70 /* GroupChatClientUITests */,
				83376FCC1CCE042000ABBC70 /* Products */,
			);
			sourceTree = "<group>";
		};
		83376FCC1CCE042000ABBC70 /* Products */ = {
			isa = PBXGroup;
			children = (
				83376FCB1CCE042000ABBC70 /* GroupChatClient.app */,
				83376FE41CCE042000ABBC70 /* GroupChatClientTests.xctest */,
				83376FEF1CCE042000ABBC70 /* GroupChatClientUITests.xctest */,
			);
			name = Products;
			sourceTree = "<group>";
		};
		83376FCD1CCE042000ABBC70 /* GroupChatClient */ = {
			isa = PBXGroup;
			children = (
				833770011CCE58AE00ABBC70 /* GCD */,
				83376FD11CCE042000ABBC70 /* AppDelegate.h */,
				83376FD21CCE042000ABBC70 /* AppDelegate.m */,
				83376FD41CCE042000ABBC70 /* ViewController.h */,
				83376FD51CCE042000ABBC70 /* ViewController.m */,
				83376FD71CCE042000ABBC70 /* Main.storyboard */,
				83376FDA1CCE042000ABBC70 /* Assets.xcassets */,
				83376FDC1CCE042000ABBC70 /* LaunchScreen.storyboard */,
				83376FDF1CCE042000ABBC70 /* Info.plist */,
				83376FCE1CCE042000ABBC70 /* Supporting Files */,
			);
			path = GroupChatClient;
			sourceTree = "<group>";
		};
		83376FCE1CCE042000ABBC70 /* Supporting Files */ = {
			isa = PBXGroup;
			children = (
				83376FCF1CCE042000ABBC70 /* main.m */,
			);
			name = "Supporting Files";
			sourceTree = "<group>";
		};
		83376FE71CCE042000ABBC70 /* GroupChatClientTests */ = {
			isa = PBXGroup;
			children = (
				83376FE81CCE042000ABBC70 /* GroupChatClientTests.m */,
				83376FEA1CCE042000ABBC70 /* Info.plist */,
			);
			path = GroupChatClientTests;
			sourceTree = "<group>";
		};
		83376FF21CCE042000ABBC70 /* GroupChatClientUITests */ = {
			isa = PBXGroup;
			children = (
				83376FF31CCE042000ABBC70 /* GroupChatClientUITests.m */,
				83376FF51CCE042000ABBC70 /* Info.plist */,
			);
			path = GroupChatClientUITests;
			sourceTree = "<group>";
		};
		833770011CCE58AE00ABBC70 /* GCD */ = {
			isa = PBXGroup;
			children = (
				833770021CCE58AE00ABBC70 /* Documentation.html */,
				833770031CCE58AE00ABBC70 /* GCDAsyncSocket.h */,
				833770041CCE58AE00ABBC70 /* GCDAsyncSocket.m */,
			);
			path = GCD;
			sourceTree = "<group>";
		};
/* End PBXGroup section */

/* Begin PBXNativeTarget section */
		83376FCA1CCE042000ABBC70 /* GroupChatClient */ = {
			isa = PBXNativeTarget;
			buildConfigurationList = 83376FF81CCE042000ABBC70 /* Build configuration list for PBXNativeTarget "GroupChatClient" */;
			buildPhases = (
				83376FC71CCE042000ABBC70 /* Sources */,
				83376FC81CCE042000ABBC70 /* Frameworks */,
				83376FC91CCE042000ABBC70 /* Resources */,
			);
			buildRules = (
			);
			dependencies = (
			);
			name = GroupChatClient;
			productName = GroupChatClient;
			productReference = 83376FCB1CCE042000ABBC70 /* GroupChatClient.app */;
			productType = "com.apple.product-type.application";
		};
		83376FE31CCE042000ABBC70 /* GroupChatClientTests */ = {
			isa = PBXNativeTarget;
			buildConfigurationList = 83376FFB1CCE042000ABBC70 /* Build configuration list for PBXNativeTarget "GroupChatClientTests" */;
			buildPhases = (
				83376FE01CCE042000ABBC70 /* Sources */,
				83376FE11CCE042000ABBC70 /* Frameworks */,
				83376FE21CCE042000ABBC70 /* Resources */,
			);
			buildRules = (
			);
			dependencies = (
				83376FE61CCE042000ABBC70 /* PBXTargetDependency */,
			);
			name = GroupChatClientTests;
			productName = GroupChatClientTests;
			productReference = 83376FE41CCE042000ABBC70 /* GroupChatClientTests.xctest */;
			productType = "com.apple.product-type.bundle.unit-test";
		};
		83376FEE1CCE042000ABBC70 /* GroupChatClientUITests */ = {
			isa = PBXNativeTarget;
			buildConfigurationList = 83376FFE1CCE042000ABBC70 /* Build configuration list for PBXNativeTarget "GroupChatClientUITests" */;
			buildPhases = (
				83376FEB1CCE042000ABBC70 /* Sources */,
				83376FEC1CCE042000ABBC70 /* Frameworks */,
				83376FED1CCE042000ABBC70 /* Resources */,
			);
			buildRules = (
			);
			dependencies = (
				83376FF11CCE042000ABBC70 /* PBXTargetDependency */,
			);
			name = GroupChatClientUITests;
			productName = GroupChatClientUITests;
			productReference = 83376FEF1CCE042000ABBC70 /* GroupChatClientUITests.xctest */;
			productType = "com.apple.product-type.bundle.ui-testing";
		};
/* End PBXNativeTarget section */

/* Begin PBXProject section */
		83376FC31CCE042000ABBC70 /* Project object */ = {
			isa = PBXProject;
			attributes = {
				LastUpgradeCheck = 0720;
				ORGANIZATIONNAME = AYuan;
				TargetAttributes = {
					83376FCA1CCE042000ABBC70 = {
						CreatedOnToolsVersion = 7.2;
					};
					83376FE31CCE042000ABBC70 = {
						CreatedOnToolsVersion = 7.2;
						TestTargetID = 83376FCA1CCE042000ABBC70;
					};
					83376FEE1CCE042000ABBC70 = {
						CreatedOnToolsVersion = 7.2;
						TestTargetID = 83376FCA1CCE042000ABBC70;
					};
				};
			};
			buildConfigurationList = 83376FC61CCE042000ABBC70 /* Build configuration list for PBXProject "GroupChatClient" */;
			compatibilityVersion = "Xcode 3.2";
			developmentRegion = English;
			hasScannedForEncodings = 0;
			knownRegions = (
				en,
				Base,
			);
			mainGroup = 83376FC21CCE042000ABBC70;
			productRefGroup = 83376FCC1CCE042000ABBC70 /* Products */;
			projectDirPath = "";
			projectRoot = "";
			targets = (
				83376FCA1CCE042000ABBC70 /* GroupChatClient */,
				83376FE31CCE042000ABBC70 /* GroupChatClientTests */,
				83376FEE1CCE042000ABBC70 /* GroupChatClientUITests */,
			);
		};
/* End PBXProject section */

/* Begin PBXResourcesBuildPhase section */
		83376FC91CCE042000ABBC70 /* Resources */ = {
			isa = PBXResourcesBuildPhase;
			buildActionMask = 2147483647;
			files = (
				83376FDE1CCE042000ABBC70 /* LaunchScreen.storyboard in Resources */,
				83376FDB1CCE042000ABBC70 /* Assets.xcassets in Resources */,
				83376FD91CCE042000ABBC70 /* Main.storyboard in Resources */,
				833770051CCE58AE00ABBC70 /* Documentation.html in Resources */,
			);
			runOnlyForDeploymentPostprocessing = 0;
		};
		83376FE21CCE042000ABBC70 /* Resources */ = {
			isa = PBXResourcesBuildPhase;
			buildActionMask = 2147483647;
			files = (
			);
			runOnlyForDeploymentPostprocessing = 0;
		};
		83376FED1CCE042000ABBC70 /* Resources */ = {
			isa = PBXResourcesBuildPhase;
			buildActionMask = 2147483647;
			files = (
			);
			runOnlyForDeploymentPostprocessing = 0;
		};
/* End PBXResourcesBuildPhase section */

/* Begin PBXSourcesBuildPhase section */
		83376FC71CCE042000ABBC70 /* Sources */ = {
			isa = PBXSourcesBuildPhase;
			buildActionMask = 2147483647;
			files = (
				833770061CCE58AE00ABBC70 /* GCDAsyncSocket.m in Sources */,
				83376FD61CCE042000ABBC70 /* ViewController.m in Sources */,
				83376FD31CCE042000ABBC70 /* AppDelegate.m in Sources */,
				83376FD01CCE042000ABBC70 /* main.m in Sources */,
			);
			runOnlyForDeploymentPostprocessing = 0;
		};
		83376FE01CCE042000ABBC70 /* Sources */ = {
			isa = PBXSourcesBuildPhase;
			buildActionMask = 2147483647;
			files = (
				83376FE91CCE042000ABBC70 /* GroupChatClientTests.m in Sources */,
			);
			runOnlyForDeploymentPostprocessing = 0;
		};
		83376FEB1CCE042000ABBC70 /* Sources */ = {
			isa = PBXSourcesBuildPhase;
			buildActionMask = 2147483647;
			files = (
				83376FF41CCE042000ABBC70 /* GroupChatClientUITests.m in Sources */,
			);
			runOnlyForDeploymentPostprocessing = 0;
		};
/* End PBXSourcesBuildPhase section */

/* Begin PBXTargetDependency section */
		83376FE61CCE042000ABBC70 /* PBXTargetDependency */ = {
			isa = PBXTargetDependency;
			target = 83376FCA1CCE042000ABBC70 /* GroupChatClient */;
			targetProxy = 83376FE51CCE042000ABBC70 /* PBXContainerItemProxy */;
		};
		83376FF11CCE042000ABBC70 /* PBXTargetDependency */ = {
			isa = PBXTargetDependency;
			target = 83376FCA1CCE042000ABBC70 /* GroupChatClient */;
			targetProxy = 83376FF01CCE042000ABBC70 /* PBXContainerItemProxy */;
		};
/* End PBXTargetDependency section */

/* Begin PBXVariantGroup section */
		83376FD71CCE042000ABBC70 /* Main.storyboard */ = {
			isa = PBXVariantGroup;
			children = (
				83376FD81CCE042000ABBC70 /* Base */,
			);
			name = Main.storyboard;
			sourceTree = "<group>";
		};
		83376FDC1CCE042000ABBC70 /* LaunchScreen.storyboard */ = {
			isa = PBXVariantGroup;
			children = (
				83376FDD1CCE042000ABBC70 /* Base */,
			);
			name = LaunchScreen.storyboard;
			sourceTree = "<group>";
		};
/* End PBXVariantGroup section */

/* Begin XCBuildConfiguration section */
		83376FF61CCE042000ABBC70 /* Debug */ = {
			isa = XCBuildConfiguration;
			buildSettings = {
				ALWAYS_SEARCH_USER_PATHS = NO;
				CLANG_CXX_LANGUAGE_STANDARD = "gnu++0x";
				CLANG_CXX_LIBRARY = "libc++";
				CLANG_ENABLE_MODULES = YES;
				CLANG_ENABLE_OBJC_ARC = YES;
				CLANG_WARN_BOOL_CONVERSION = YES;
				CLANG_WARN_CONSTANT_CONVERSION = YES;
				CLANG_WARN_DIRECT_OBJC_ISA_USAGE = YES_ERROR;
				CLANG_WARN_EMPTY_BODY = YES;
				CLANG_WARN_ENUM_CONVERSION = YES;
				CLANG_WARN_INT_CONVERSION = YES;
				CLANG_WARN_OBJC_ROOT_CLASS = YES_ERROR;
				CLANG_WARN_UNREACHABLE_CODE = YES;
				CLANG_WARN__DUPLICATE_METHOD_MATCH = YES;
				"CODE_SIGN_IDENTITY[sdk=iphoneos*]" = "iPhone Developer";
				COPY_PHASE_STRIP = NO;
				DEBUG_INFORMATION_FORMAT = dwarf;
				ENABLE_STRICT_OBJC_MSGSEND = YES;
				ENABLE_TESTABILITY = YES;
				GCC_C_LANGUAGE_STANDARD = gnu99;
				GCC_DYNAMIC_NO_PIC = NO;
				GCC_NO_COMMON_BLOCKS = YES;
				GCC_OPTIMIZATION_LEVEL = 0;
				GCC_PREPROCESSOR_DEFINITIONS = (
					"DEBUG=1",
					"$(inherited)",
				);
				GCC_WARN_64_TO_32_BIT_CONVERSION = YES;
				GCC_WARN_ABOUT_RETURN_TYPE = YES_ERROR;
				GCC_WARN_UNDECLARED_SELECTOR = YES;
				GCC_WARN_UNINITIALIZED_AUTOS = YES_AGGRESSIVE;
				GCC_WARN_UNUSED_FUNCTION = YES;
				GCC_WARN_UNUSED_VARIABLE = YES;
				IPHONEOS_DEPLOYMENT_TARGET = 9.2;
				MTL_ENABLE_DEBUG_INFO = YES;
				ONLY_ACTIVE_ARCH = YES;
				SDKROOT = iphoneos;
				TARGETED_DEVICE_FAMILY = "1,2";
			};
			name = Debug;
		};
		83376FF71CCE042000ABBC70 /* Release */ = {
			isa = XCBuildConfiguration;
			buildSettings = {
				ALWAYS_SEARCH_USER_PATHS = NO;
				CLANG_CXX_LANGUAGE_STANDARD = "gnu++0x";
				CLANG_CXX_LIBRARY = "libc++";
				CLANG_ENABLE_MODULES = YES;
				CLANG_ENABLE_OBJC_ARC = YES;
				CLANG_WARN_BOOL_CONVERSION = YES;
				CLANG_WARN_CONSTANT_CONVERSION = YES;
				CLANG_WARN_DIRECT_OBJC_ISA_USAGE = YES_ERROR;
				CLANG_WARN_EMPTY_BODY = YES;
				CLANG_WARN_ENUM_CONVERSION = YES;
				CLANG_WARN_INT_CONVERSION = YES;
				CLANG_WARN_OBJC_ROOT_CLASS = YES_ERROR;
				CLANG_WARN_UNREACHABLE_CODE = YES;
				CLANG_WARN__DUPLICATE_METHOD_MATCH = YES;
				"CODE_SIGN_IDENTITY[sdk=iphoneos*]" = "iPhone Developer";
				COPY_PHASE_STRIP = NO;
				DEBUG_INFORMATION_FORMAT = "dwarf-with-dsym";
				ENABLE_NS_ASSERTIONS = NO;
				ENABLE_STRICT_OBJC_MSGSEND = YES;
				GCC_C_LANGUAGE_STANDARD = gnu99;
				GCC_NO_COMMON_BLOCKS = YES;
				GCC_WARN_64_TO_32_BIT_CONVERSION = YES;
				GCC_WARN_ABOUT_RETURN_TYPE = YES_ERROR;
				GCC_WARN_UNDECLARED_SELECTOR = YES;
				GCC_WARN_UNINITIALIZED_AUTOS = YES_AGGRESSIVE;
				GCC_WARN_UNUSED_FUNCTION = YES;
				GCC_WARN_UNUSED_VARIABLE = YES;
				IPHONEOS_DEPLOYMENT_TARGET = 9.2;
				MTL_ENABLE_DEBUG_INFO = NO;
				SDKROOT = iphoneos;
				TARGETED_DEVICE_FAMILY = "1,2";
				VALIDATE_PRODUCT = YES;
			};
			name = Release;
		};
		83376FF91CCE042000ABBC70 /* Debug */ = {
			isa = XCBuildConfiguration;
			buildSettings = {
				ASSETCATALOG_COMPILER_APPICON_NAME = AppIcon;
				INFOPLIST_FILE = GroupChatClient/Info.plist;
				LD_RUNPATH_SEARCH_PATHS = "$(inherited) @executable_path/Frameworks";
				PRODUCT_BUNDLE_IDENTIFIER = ayuan.GroupChatClient;
				PRODUCT_NAME = "$(TARGET_NAME)";
			};
			name = Debug;
		};
		83376FFA1CCE042000ABBC70 /* Release */ = {
			isa = XCBuildConfiguration;
			buildSettings = {
				ASSETCATALOG_COMPILER_APPICON_NAME = AppIcon;
				INFOPLIST_FILE = GroupChatClient/Info.plist;
				LD_RUNPATH_SEARCH_PATHS = "$(inherited) @executable_path/Frameworks";
				PRODUCT_BUNDLE_IDENTIFIER = ayuan.GroupChatClient;
				PRODUCT_NAME = "$(TARGET_NAME)";
			};
			name = Release;
		};
		83376FFC1CCE042000ABBC70 /* Debug */ = {
			isa = XCBuildConfiguration;
			buildSettings = {
				BUNDLE_LOADER = "$(TEST_HOST)";
				INFOPLIST_FILE = GroupChatClientTests/Info.plist;
				LD_RUNPATH_SEARCH_PATHS = "$(inherited) @executable_path/Frameworks @loader_path/Frameworks";
				PRODUCT_BUNDLE_IDENTIFIER = ayuan.GroupChatClientTests;
				PRODUCT_NAME = "$(TARGET_NAME)";
				TEST_HOST = "$(BUILT_PRODUCTS_DIR)/GroupChatClient.app/GroupChatClient";
			};
			name = Debug;
		};
		83376FFD1CCE042000ABBC70 /* Release */ = {
			isa = XCBuildConfiguration;
			buildSettings = {
				BUNDLE_LOADER = "$(TEST_HOST)";
				INFOPLIST_FILE = GroupChatClientTests/Info.plist;
				LD_RUNPATH_SEARCH_PATHS = "$(inherited) @executable_path/Frameworks @loader_path/Frameworks";
				PRODUCT_BUNDLE_IDENTIFIER = ayuan.GroupChatClientTests;
				PRODUCT_NAME = "$(TARGET_NAME)";
				TEST_HOST = "$(BUILT_PRODUCTS_DIR)/GroupChatClient.app/GroupChatClient";
			};
			name = Release;
		};
		83376FFF1CCE042000ABBC70 /* Debug */ = {
			isa = XCBuildConfiguration;
			buildSettings = {
				INFOPLIST_FILE = GroupChatClientUITests/Info.plist;
				LD_RUNPATH_SEARCH_PATHS = "$(inherited) @executable_path/Frameworks @loader_path/Frameworks";
				PRODUCT_BUNDLE_IDENTIFIER = ayuan.GroupChatClientUITests;
				PRODUCT_NAME = "$(TARGET_NAME)";
				TEST_TARGET_NAME = GroupChatClient;
				USES_XCTRUNNER = YES;
			};
			name = Debug;
		};
		833770001CCE042000ABBC70 /* Release */ = {
			isa = XCBuildConfiguration;
			buildSettings = {
				INFOPLIST_FILE = GroupChatClientUITests/Info.plist;
				LD_RUNPATH_SEARCH_PATHS = "$(inherited) @executable_path/Frameworks @loader_path/Frameworks";
				PRODUCT_BUNDLE_IDENTIFIER = ayuan.GroupChatClientUITests;
				PRODUCT_NAME = "$(TARGET_NAME)";
				TEST_TARGET_NAME = GroupChatClient;
				USES_XCTRUNNER = YES;
			};
			name = Release;
		};
/* End XCBuildConfiguration section */

/* Begin XCConfigurationList section */
		83376FC61CCE042000ABBC70 /* Build configuration list for PBXProject "GroupChatClient" */ = {
			isa = XCConfigurationList;
			buildConfigurations = (
				83376FF61CCE042000ABBC70 /* Debug */,
				83376FF71CCE042000ABBC70 /* Release */,
			);
			defaultConfigurationIsVisible = 0;
			defaultConfigurationName = Release;
		};
		83376FF81CCE042000ABBC70 /* Build configuration list for PBXNativeTarget "GroupChatClient" */ = {
			isa = XCConfigurationList;
			buildConfigurations = (
				83376FF91CCE042000ABBC70 /* Debug */,
				83376FFA1CCE042000ABBC70 /* Release */,
			);
			defaultConfigurationIsVisible = 0;
		};
		83376FFB1CCE042000ABBC70 /* Build configuration list for PBXNativeTarget "GroupChatClientTests" */ = {
			isa = XCConfigurationList;
			buildConfigurations = (
				83376FFC1CCE042000ABBC70 /* Debug */,
				83376FFD1CCE042000ABBC70 /* Release */,
			);
			defaultConfigurationIsVisible = 0;
		};
		83376FFE1CCE042000ABBC70 /* Build configuration list for PBXNativeTarget "GroupChatClientUITests" */ = {
			isa = XCConfigurationList;
			buildConfigurations = (
				83376FFF1CCE042000ABBC70 /* Debug */,
				833770001CCE042000ABBC70 /* Release */,
			);
			defaultConfigurationIsVisible = 0;
		};
/* End XCConfigurationList section */
	};
	rootObject = 83376FC31CCE042000ABBC70 /* Project object */;
}
