// !$*UTF8*$!
{
	archiveVersion = 1;
	classes = {
	};
	objectVersion = 46;
	objects = {

/* Begin PBXBuildFile section */
		831150A71CCF7764000519E8 /* Login.storyboard in Resources */ = {isa = PBXBuildFile; fileRef = 831150A61CCF7764000519E8 /* Login.storyboard */; };
		833770151CCE855900ABBC70 /* main.m in Sources */ = {isa = PBXBuildFile; fileRef = 833770141CCE855900ABBC70 /* main.m */; };
		833770181CCE855900ABBC70 /* AppDelegate.m in Sources */ = {isa = PBXBuildFile; fileRef = 833770171CCE855900ABBC70 /* AppDelegate.m */; };
		8337701B1CCE855900ABBC70 /* ViewController.m in Sources */ = {isa = PBXBuildFile; fileRef = 8337701A1CCE855900ABBC70 /* ViewController.m */; };
		8337701E1CCE855900ABBC70 /* Main.storyboard in Resources */ = {isa = PBXBuildFile; fileRef = 8337701C1CCE855900ABBC70 /* Main.storyboard */; };
		833770201CCE855900ABBC70 /* Assets.xcassets in Resources */ = {isa = PBXBuildFile; fileRef = 8337701F1CCE855900ABBC70 /* Assets.xcassets */; };
		833770231CCE855900ABBC70 /* LaunchScreen.storyboard in Resources */ = {isa = PBXBuildFile; fileRef = 833770211CCE855900ABBC70 /* LaunchScreen.storyboard */; };
		8337702E1CCE855900ABBC70 /* AYuanChatTests.m in Sources */ = {isa = PBXBuildFile; fileRef = 8337702D1CCE855900ABBC70 /* AYuanChatTests.m */; };
		833770391CCE855900ABBC70 /* AYuanChatUITests.m in Sources */ = {isa = PBXBuildFile; fileRef = 833770381CCE855900ABBC70 /* AYuanChatUITests.m */; };
		833770721CCE861000ABBC70 /* CoreMedia.framework in Frameworks */ = {isa = PBXBuildFile; fileRef = 833770711CCE861000ABBC70 /* CoreMedia.framework */; };
		833770741CCE862300ABBC70 /* AVFoundation.framework in Frameworks */ = {isa = PBXBuildFile; fileRef = 833770731CCE862300ABBC70 /* AVFoundation.framework */; };
		833770761CCE862C00ABBC70 /* AudioToolbox.framework in Frameworks */ = {isa = PBXBuildFile; fileRef = 833770751CCE862C00ABBC70 /* AudioToolbox.framework */; };
		833770781CCE863600ABBC70 /* MobileCoreServices.framework in Frameworks */ = {isa = PBXBuildFile; fileRef = 833770771CCE863600ABBC70 /* MobileCoreServices.framework */; };
		8337707A1CCE864100ABBC70 /* ImageIO.framework in Frameworks */ = {isa = PBXBuildFile; fileRef = 833770791CCE864100ABBC70 /* ImageIO.framework */; };
		8337707C1CCE864B00ABBC70 /* SystemConfiguration.framework in Frameworks */ = {isa = PBXBuildFile; fileRef = 8337707B1CCE864B00ABBC70 /* SystemConfiguration.framework */; };
		833770801CCE869E00ABBC70 /* libc++.tbd in Frameworks */ = {isa = PBXBuildFile; fileRef = 8337707F1CCE869E00ABBC70 /* libc++.tbd */; };
		833770821CCE86AC00ABBC70 /* libresolv.tbd in Frameworks */ = {isa = PBXBuildFile; fileRef = 833770811CCE86AC00ABBC70 /* libresolv.tbd */; };
		833770841CCE86B900ABBC70 /* libz.tbd in Frameworks */ = {isa = PBXBuildFile; fileRef = 833770831CCE86B900ABBC70 /* libz.tbd */; };
		833770861CCE86C500ABBC70 /* libstdc++.6.0.9.tbd in Frameworks */ = {isa = PBXBuildFile; fileRef = 833770851CCE86C500ABBC70 /* libstdc++.6.0.9.tbd */; };
		833770881CCE86D300ABBC70 /* libsqlite3.tbd in Frameworks */ = {isa = PBXBuildFile; fileRef = 833770871CCE86D300ABBC70 /* libsqlite3.tbd */; };
		833770B71CCE882700ABBC70 /* libHyphenateSDK.a in Frameworks */ = {isa = PBXBuildFile; fileRef = 833770B41CCE882700ABBC70 /* libHyphenateSDK.a */; };
/* End PBXBuildFile section */

/* Begin PBXContainerItemProxy section */
		8337702A1CCE855900ABBC70 /* PBXContainerItemProxy */ = {
			isa = PBXContainerItemProxy;
			containerPortal = 833770081CCE855900ABBC70 /* Project object */;
			proxyType = 1;
			remoteGlobalIDString = 8337700F1CCE855900ABBC70;
			remoteInfo = AYuanChat;
		};
		833770351CCE855900ABBC70 /* PBXContainerItemProxy */ = {
			isa = PBXContainerItemProxy;
			containerPortal = 833770081CCE855900ABBC70 /* Project object */;
			proxyType = 1;
			remoteGlobalIDString = 8337700F1CCE855900ABBC70;
			remoteInfo = AYuanChat;
		};
/* End PBXContainerItemProxy section */

/* Begin PBXFileReference section */
		831150A61CCF7764000519E8 /* Login.storyboard */ = {isa = PBXFileReference; fileEncoding = 4; lastKnownFileType = file.storyboard; path = Login.storyboard; sourceTree = "<group>"; };
		833770101CCE855900ABBC70 /* AYuanChat.app */ = {isa = PBXFileReference; explicitFileType = wrapper.application; includeInIndex = 0; path = AYuanChat.app; sourceTree = BUILT_PRODUCTS_DIR; };
		833770141CCE855900ABBC70 /* main.m */ = {isa = PBXFileReference; lastKnownFileType = sourcecode.c.objc; path = main.m; sourceTree = "<group>"; };
		833770161CCE855900ABBC70 /* AppDelegate.h */ = {isa = PBXFileReference; lastKnownFileType = sourcecode.c.h; path = AppDelegate.h; sourceTree = "<group>"; };
		833770171CCE855900ABBC70 /* AppDelegate.m */ = {isa = PBXFileReference; lastKnownFileType = sourcecode.c.objc; path = AppDelegate.m; sourceTree = "<group>"; };
		833770191CCE855900ABBC70 /* ViewController.h */ = {isa = PBXFileReference; lastKnownFileType = sourcecode.c.h; path = ViewController.h; sourceTree = "<group>"; };
		8337701A1CCE855900ABBC70 /* ViewController.m */ = {isa = PBXFileReference; lastKnownFileType = sourcecode.c.objc; path = ViewController.m; sourceTree = "<group>"; };
		8337701D1CCE855900ABBC70 /* Base */ = {isa = PBXFileReference; lastKnownFileType = file.storyboard; name = Base; path = Base.lproj/Main.storyboard; sourceTree = "<group>"; };
		8337701F1CCE855900ABBC70 /* Assets.xcassets */ = {isa = PBXFileReference; lastKnownFileType = folder.assetcatalog; path = Assets.xcassets; sourceTree = "<group>"; };
		833770221CCE855900ABBC70 /* Base */ = {isa = PBXFileReference; lastKnownFileType = file.storyboard; name = Base; path = Base.lproj/LaunchScreen.storyboard; sourceTree = "<group>"; };
		833770241CCE855900ABBC70 /* Info.plist */ = {isa = PBXFileReference; lastKnownFileType = text.plist.xml; path = Info.plist; sourceTree = "<group>"; };
		833770291CCE855900ABBC70 /* AYuanChatTests.xctest */ = {isa = PBXFileReference; explicitFileType = wrapper.cfbundle; includeInIndex = 0; path = AYuanChatTests.xctest; sourceTree = BUILT_PRODUCTS_DIR; };
		8337702D1CCE855900ABBC70 /* AYuanChatTests.m */ = {isa = PBXFileReference; lastKnownFileType = sourcecode.c.objc; path = AYuanChatTests.m; sourceTree = "<group>"; };
		8337702F1CCE855900ABBC70 /* Info.plist */ = {isa = PBXFileReference; lastKnownFileType = text.plist.xml; path = Info.plist; sourceTree = "<group>"; };
		833770341CCE855900ABBC70 /* AYuanChatUITests.xctest */ = {isa = PBXFileReference; explicitFileType = wrapper.cfbundle; includeInIndex = 0; path = AYuanChatUITests.xctest; sourceTree = BUILT_PRODUCTS_DIR; };
		833770381CCE855900ABBC70 /* AYuanChatUITests.m */ = {isa = PBXFileReference; lastKnownFileType = sourcecode.c.objc; path = AYuanChatUITests.m; sourceTree = "<group>"; };
		8337703A1CCE855900ABBC70 /* Info.plist */ = {isa = PBXFileReference; lastKnownFileType = text.plist.xml; path = Info.plist; sourceTree = "<group>"; };
		833770711CCE861000ABBC70 /* CoreMedia.framework */ = {isa = PBXFileReference; lastKnownFileType = wrapper.framework; name = CoreMedia.framework; path = System/Library/Frameworks/CoreMedia.framework; sourceTree = SDKROOT; };
		833770731CCE862300ABBC70 /* AVFoundation.framework */ = {isa = PBXFileReference; lastKnownFileType = wrapper.framework; name = AVFoundation.framework; path = System/Library/Frameworks/AVFoundation.framework; sourceTree = SDKROOT; };
		833770751CCE862C00ABBC70 /* AudioToolbox.framework */ = {isa = PBXFileReference; lastKnownFileType = wrapper.framework; name = AudioToolbox.framework; path = System/Library/Frameworks/AudioToolbox.framework; sourceTree = SDKROOT; };
		833770771CCE863600ABBC70 /* MobileCoreServices.framework */ = {isa = PBXFileReference; lastKnownFileType = wrapper.framework; name = MobileCoreServices.framework; path = System/Library/Frameworks/MobileCoreServices.framework; sourceTree = SDKROOT; };
		833770791CCE864100ABBC70 /* ImageIO.framework */ = {isa = PBXFileReference; lastKnownFileType = wrapper.framework; name = ImageIO.framework; path = System/Library/Frameworks/ImageIO.framework; sourceTree = SDKROOT; };
		8337707B1CCE864B00ABBC70 /* SystemConfiguration.framework */ = {isa = PBXFileReference; lastKnownFileType = wrapper.framework; name = SystemConfiguration.framework; path = System/Library/Frameworks/SystemConfiguration.framework; sourceTree = SDKROOT; };
		8337707D1CCE868D00ABBC70 /* libc++.1.tbd */ = {isa = PBXFileReference; lastKnownFileType = "sourcecode.text-based-dylib-definition"; name = "libc++.1.tbd"; path = "usr/lib/libc++.1.tbd"; sourceTree = SDKROOT; };
		8337707F1CCE869E00ABBC70 /* libc++.tbd */ = {isa = PBXFileReference; lastKnownFileType = "sourcecode.text-based-dylib-definition"; name = "libc++.tbd"; path = "usr/lib/libc++.tbd"; sourceTree = SDKROOT; };
		833770811CCE86AC00ABBC70 /* libresolv.tbd */ = {isa = PBXFileReference; lastKnownFileType = "sourcecode.text-based-dylib-definition"; name = libresolv.tbd; path = usr/lib/libresolv.tbd; sourceTree = SDKROOT; };
		833770831CCE86B900ABBC70 /* libz.tbd */ = {isa = PBXFileReference; lastKnownFileType = "sourcecode.text-based-dylib-definition"; name = libz.tbd; path = usr/lib/libz.tbd; sourceTree = SDKROOT; };
		833770851CCE86C500ABBC70 /* libstdc++.6.0.9.tbd */ = {isa = PBXFileReference; lastKnownFileType = "sourcecode.text-based-dylib-definition"; name = "libstdc++.6.0.9.tbd"; path = "usr/lib/libstdc++.6.0.9.tbd"; sourceTree = SDKROOT; };
		833770871CCE86D300ABBC70 /* libsqlite3.tbd */ = {isa = PBXFileReference; lastKnownFileType = "sourcecode.text-based-dylib-definition"; name = libsqlite3.tbd; path = usr/lib/libsqlite3.tbd; sourceTree = SDKROOT; };
		8337708D1CCE882700ABBC70 /* EMCallLocalView.h */ = {isa = PBXFileReference; fileEncoding = 4; lastKnownFileType = sourcecode.c.h; path = EMCallLocalView.h; sourceTree = "<group>"; };
		8337708E1CCE882700ABBC70 /* EMCallManagerDelegate.h */ = {isa = PBXFileReference; fileEncoding = 4; lastKnownFileType = sourcecode.c.h; path = EMCallManagerDelegate.h; sourceTree = "<group>"; };
		8337708F1CCE882700ABBC70 /* EMCallRemoteView.h */ = {isa = PBXFileReference; fileEncoding = 4; lastKnownFileType = sourcecode.c.h; path = EMCallRemoteView.h; sourceTree = "<group>"; };
		833770901CCE882700ABBC70 /* EMCallSession.h */ = {isa = PBXFileReference; fileEncoding = 4; lastKnownFileType = sourcecode.c.h; path = EMCallSession.h; sourceTree = "<group>"; };
		833770911CCE882700ABBC70 /* EMChatManagerDelegate.h */ = {isa = PBXFileReference; fileEncoding = 4; lastKnownFileType = sourcecode.c.h; path = EMChatManagerDelegate.h; sourceTree = "<group>"; };
		833770921CCE882700ABBC70 /* EMChatroom.h */ = {isa = PBXFileReference; fileEncoding = 4; lastKnownFileType = sourcecode.c.h; path = EMChatroom.h; sourceTree = "<group>"; };
		833770931CCE882700ABBC70 /* EMChatroomManagerDelegate.h */ = {isa = PBXFileReference; fileEncoding = 4; lastKnownFileType = sourcecode.c.h; path = EMChatroomManagerDelegate.h; sourceTree = "<group>"; };
		833770941CCE882700ABBC70 /* EMClient+Call.h */ = {isa = PBXFileReference; fileEncoding = 4; lastKnownFileType = sourcecode.c.h; path = "EMClient+Call.h"; sourceTree = "<group>"; };
		833770951CCE882700ABBC70 /* EMClient.h */ = {isa = PBXFileReference; fileEncoding = 4; lastKnownFileType = sourcecode.c.h; path = EMClient.h; sourceTree = "<group>"; };
		833770961CCE882700ABBC70 /* EMClientDelegate.h */ = {isa = PBXFileReference; fileEncoding = 4; lastKnownFileType = sourcecode.c.h; path = EMClientDelegate.h; sourceTree = "<group>"; };
		833770971CCE882700ABBC70 /* EMCmdMessageBody.h */ = {isa = PBXFileReference; fileEncoding = 4; lastKnownFileType = sourcecode.c.h; path = EMCmdMessageBody.h; sourceTree = "<group>"; };
		833770981CCE882700ABBC70 /* EMContactManagerDelegate.h */ = {isa = PBXFileReference; fileEncoding = 4; lastKnownFileType = sourcecode.c.h; path = EMContactManagerDelegate.h; sourceTree = "<group>"; };
		833770991CCE882700ABBC70 /* EMConversation.h */ = {isa = PBXFileReference; fileEncoding = 4; lastKnownFileType = sourcecode.c.h; path = EMConversation.h; sourceTree = "<group>"; };
		8337709A1CCE882700ABBC70 /* EMCursorResult.h */ = {isa = PBXFileReference; fileEncoding = 4; lastKnownFileType = sourcecode.c.h; path = EMCursorResult.h; sourceTree = "<group>"; };
		8337709B1CCE882700ABBC70 /* EMError.h */ = {isa = PBXFileReference; fileEncoding = 4; lastKnownFileType = sourcecode.c.h; path = EMError.h; sourceTree = "<group>"; };
		8337709C1CCE882700ABBC70 /* EMErrorCode.h */ = {isa = PBXFileReference; fileEncoding = 4; lastKnownFileType = sourcecode.c.h; path = EMErrorCode.h; sourceTree = "<group>"; };
		8337709D1CCE882700ABBC70 /* EMFileMessageBody.h */ = {isa = PBXFileReference; fileEncoding = 4; lastKnownFileType = sourcecode.c.h; path = EMFileMessageBody.h; sourceTree = "<group>"; };
		8337709E1CCE882700ABBC70 /* EMGroup.h */ = {isa = PBXFileReference; fileEncoding = 4; lastKnownFileType = sourcecode.c.h; path = EMGroup.h; sourceTree = "<group>"; };
		8337709F1CCE882700ABBC70 /* EMGroupManagerDelegate.h */ = {isa = PBXFileReference; fileEncoding = 4; lastKnownFileType = sourcecode.c.h; path = EMGroupManagerDelegate.h; sourceTree = "<group>"; };
		833770A01CCE882700ABBC70 /* EMGroupOptions.h */ = {isa = PBXFileReference; fileEncoding = 4; lastKnownFileType = sourcecode.c.h; path = EMGroupOptions.h; sourceTree = "<group>"; };
		833770A11CCE882700ABBC70 /* EMImageMessageBody.h */ = {isa = PBXFileReference; fileEncoding = 4; lastKnownFileType = sourcecode.c.h; path = EMImageMessageBody.h; sourceTree = "<group>"; };
		833770A21CCE882700ABBC70 /* EMLocationMessageBody.h */ = {isa = PBXFileReference; fileEncoding = 4; lastKnownFileType = sourcecode.c.h; path = EMLocationMessageBody.h; sourceTree = "<group>"; };
		833770A31CCE882700ABBC70 /* EMMessage.h */ = {isa = PBXFileReference; fileEncoding = 4; lastKnownFileType = sourcecode.c.h; path = EMMessage.h; sourceTree = "<group>"; };
		833770A41CCE882700ABBC70 /* EMMessageBody.h */ = {isa = PBXFileReference; fileEncoding = 4; lastKnownFileType = sourcecode.c.h; path = EMMessageBody.h; sourceTree = "<group>"; };
		833770A51CCE882700ABBC70 /* EMOptions+PrivateDeploy.h */ = {isa = PBXFileReference; fileEncoding = 4; lastKnownFileType = sourcecode.c.h; path = "EMOptions+PrivateDeploy.h"; sourceTree = "<group>"; };
		833770A61CCE882700ABBC70 /* EMOptions.h */ = {isa = PBXFileReference; fileEncoding = 4; lastKnownFileType = sourcecode.c.h; path = EMOptions.h; sourceTree = "<group>"; };
		833770A71CCE882700ABBC70 /* EMPushOptions.h */ = {isa = PBXFileReference; fileEncoding = 4; lastKnownFileType = sourcecode.c.h; path = EMPushOptions.h; sourceTree = "<group>"; };
		833770A81CCE882700ABBC70 /* EMSDK.h */ = {isa = PBXFileReference; fileEncoding = 4; lastKnownFileType = sourcecode.c.h; path = EMSDK.h; sourceTree = "<group>"; };
		833770A91CCE882700ABBC70 /* EMSDKFull.h */ = {isa = PBXFileReference; fileEncoding = 4; lastKnownFileType = sourcecode.c.h; path = EMSDKFull.h; sourceTree = "<group>"; };
		833770AA1CCE882700ABBC70 /* EMTextMessageBody.h */ = {isa = PBXFileReference; fileEncoding = 4; lastKnownFileType = sourcecode.c.h; path = EMTextMessageBody.h; sourceTree = "<group>"; };
		833770AB1CCE882700ABBC70 /* EMVideoMessageBody.h */ = {isa = PBXFileReference; fileEncoding = 4; lastKnownFileType = sourcecode.c.h; path = EMVideoMessageBody.h; sourceTree = "<group>"; };
		833770AC1CCE882700ABBC70 /* EMVoiceMessageBody.h */ = {isa = PBXFileReference; fileEncoding = 4; lastKnownFileType = sourcecode.c.h; path = EMVoiceMessageBody.h; sourceTree = "<group>"; };
		833770AD1CCE882700ABBC70 /* IEMCallManager.h */ = {isa = PBXFileReference; fileEncoding = 4; lastKnownFileType = sourcecode.c.h; path = IEMCallManager.h; sourceTree = "<group>"; };
		833770AE1CCE882700ABBC70 /* IEMChatManager.h */ = {isa = PBXFileReference; fileEncoding = 4; lastKnownFileType = sourcecode.c.h; path = IEMChatManager.h; sourceTree = "<group>"; };
		833770AF1CCE882700ABBC70 /* IEMChatroomManager.h */ = {isa = PBXFileReference; fileEncoding = 4; lastKnownFileType = sourcecode.c.h; path = IEMChatroomManager.h; sourceTree = "<group>"; };
		833770B01CCE882700ABBC70 /* IEMContactManager.h */ = {isa = PBXFileReference; fileEncoding = 4; lastKnownFileType = sourcecode.c.h; path = IEMContactManager.h; sourceTree = "<group>"; };
		833770B11CCE882700ABBC70 /* IEMGroupManager.h */ = {isa = PBXFileReference; fileEncoding = 4; lastKnownFileType = sourcecode.c.h; path = IEMGroupManager.h; sourceTree = "<group>"; };
		833770B21CCE882700ABBC70 /* OpenGLView20.h */ = {isa = PBXFileReference; fileEncoding = 4; lastKnownFileType = sourcecode.c.h; path = OpenGLView20.h; sourceTree = "<group>"; };
		833770B41CCE882700ABBC70 /* libHyphenateSDK.a */ = {isa = PBXFileReference; lastKnownFileType = archive.ar; path = libHyphenateSDK.a; sourceTree = "<group>"; };
/* End PBXFileReference section */

/* Begin PBXFrameworksBuildPhase section */
		8337700D1CCE855900ABBC70 /* Frameworks */ = {
			isa = PBXFrameworksBuildPhase;
			buildActionMask = 2147483647;
			files = (
				833770881CCE86D300ABBC70 /* libsqlite3.tbd in Frameworks */,
				833770861CCE86C500ABBC70 /* libstdc++.6.0.9.tbd in Frameworks */,
				833770841CCE86B900ABBC70 /* libz.tbd in Frameworks */,
				833770821CCE86AC00ABBC70 /* libresolv.tbd in Frameworks */,
				833770801CCE869E00ABBC70 /* libc++.tbd in Frameworks */,
				8337707C1CCE864B00ABBC70 /* SystemConfiguration.framework in Frameworks */,
				8337707A1CCE864100ABBC70 /* ImageIO.framework in Frameworks */,
				833770781CCE863600ABBC70 /* MobileCoreServices.framework in Frameworks */,
				833770761CCE862C00ABBC70 /* AudioToolbox.framework in Frameworks */,
				833770741CCE862300ABBC70 /* AVFoundation.framework in Frameworks */,
				833770721CCE861000ABBC70 /* CoreMedia.framework in Frameworks */,
				833770B71CCE882700ABBC70 /* libHyphenateSDK.a in Frameworks */,
			);
			runOnlyForDeploymentPostprocessing = 0;
		};
		833770261CCE855900ABBC70 /* Frameworks */ = {
			isa = PBXFrameworksBuildPhase;
			buildActionMask = 2147483647;
			files = (
			);
			runOnlyForDeploymentPostprocessing = 0;
		};
		833770311CCE855900ABBC70 /* Frameworks */ = {
			isa = PBXFrameworksBuildPhase;
			buildActionMask = 2147483647;
			files = (
			);
			runOnlyForDeploymentPostprocessing = 0;
		};
/* End PBXFrameworksBuildPhase section */

/* Begin PBXGroup section */
		831150A51CCF5487000519E8 /* Login */ = {
			isa = PBXGroup;
			children = (
			);
			name = Login;
			sourceTree = "<group>";
		};
		833770071CCE855900ABBC70 = {
			isa = PBXGroup;
			children = (
				833770B81CCE886300ABBC70 /* Dependence */,
				833770121CCE855900ABBC70 /* AYuanChat */,
				8337702C1CCE855900ABBC70 /* AYuanChatTests */,
				833770371CCE855900ABBC70 /* AYuanChatUITests */,
				833770111CCE855900ABBC70 /* Products */,
			);
			sourceTree = "<group>";
		};
		833770111CCE855900ABBC70 /* Products */ = {
			isa = PBXGroup;
			children = (
				833770101CCE855900ABBC70 /* AYuanChat.app */,
				833770291CCE855900ABBC70 /* AYuanChatTests.xctest */,
				833770341CCE855900ABBC70 /* AYuanChatUITests.xctest */,
			);
			name = Products;
			sourceTree = "<group>";
		};
		833770121CCE855900ABBC70 /* AYuanChat */ = {
			isa = PBXGroup;
			children = (
				833770891CCE882700ABBC70 /* Classes */,
				833770161CCE855900ABBC70 /* AppDelegate.h */,
				833770171CCE855900ABBC70 /* AppDelegate.m */,
				833770191CCE855900ABBC70 /* ViewController.h */,
				8337701A1CCE855900ABBC70 /* ViewController.m */,
				831150A61CCF7764000519E8 /* Login.storyboard */,
				8337701C1CCE855900ABBC70 /* Main.storyboard */,
				8337701F1CCE855900ABBC70 /* Assets.xcassets */,
				833770211CCE855900ABBC70 /* LaunchScreen.storyboard */,
				833770241CCE855900ABBC70 /* Info.plist */,
				833770131CCE855900ABBC70 /* Supporting Files */,
			);
			path = AYuanChat;
			sourceTree = "<group>";
		};
		833770131CCE855900ABBC70 /* Supporting Files */ = {
			isa = PBXGroup;
			children = (
				833770141CCE855900ABBC70 /* main.m */,
			);
			name = "Supporting Files";
			sourceTree = "<group>";
		};
		8337702C1CCE855900ABBC70 /* AYuanChatTests */ = {
			isa = PBXGroup;
			children = (
				8337702D1CCE855900ABBC70 /* AYuanChatTests.m */,
				8337702F1CCE855900ABBC70 /* Info.plist */,
			);
			path = AYuanChatTests;
			sourceTree = "<group>";
		};
		833770371CCE855900ABBC70 /* AYuanChatUITests */ = {
			isa = PBXGroup;
			children = (
				833770381CCE855900ABBC70 /* AYuanChatUITests.m */,
				8337703A1CCE855900ABBC70 /* Info.plist */,
			);
			path = AYuanChatUITests;
			sourceTree = "<group>";
		};
		833770891CCE882700ABBC70 /* Classes */ = {
			isa = PBXGroup;
			children = (
				831150A51CCF5487000519E8 /* Login */,
				8337708A1CCE882700ABBC70 /* Lib */,
				833770B51CCE882700ABBC70 /* Others */,
				833770B61CCE882700ABBC70 /* Xib */,
			);
			path = Classes;
			sourceTree = "<group>";
		};
		8337708A1CCE882700ABBC70 /* Lib */ = {
			isa = PBXGroup;
			children = (
				8337708B1CCE882700ABBC70 /* HyphenateSDK */,
			);
			path = Lib;
			sourceTree = "<group>";
		};
		8337708B1CCE882700ABBC70 /* HyphenateSDK */ = {
			isa = PBXGroup;
			children = (
				8337708C1CCE882700ABBC70 /* include */,
				833770B31CCE882700ABBC70 /* lib */,
			);
			path = HyphenateSDK;
			sourceTree = "<group>";
		};
		8337708C1CCE882700ABBC70 /* include */ = {
			isa = PBXGroup;
			children = (
				8337708D1CCE882700ABBC70 /* EMCallLocalView.h */,
				8337708E1CCE882700ABBC70 /* EMCallManagerDelegate.h */,
				8337708F1CCE882700ABBC70 /* EMCallRemoteView.h */,
				833770901CCE882700ABBC70 /* EMCallSession.h */,
				833770911CCE882700ABBC70 /* EMChatManagerDelegate.h */,
				833770921CCE882700ABBC70 /* EMChatroom.h */,
				833770931CCE882700ABBC70 /* EMChatroomManagerDelegate.h */,
				833770941CCE882700ABBC70 /* EMClient+Call.h */,
				833770951CCE882700ABBC70 /* EMClient.h */,
				833770961CCE882700ABBC70 /* EMClientDelegate.h */,
				833770971CCE882700ABBC70 /* EMCmdMessageBody.h */,
				833770981CCE882700ABBC70 /* EMContactManagerDelegate.h */,
				833770991CCE882700ABBC70 /* EMConversation.h */,
				8337709A1CCE882700ABBC70 /* EMCursorResult.h */,
				8337709B1CCE882700ABBC70 /* EMError.h */,
				8337709C1CCE882700ABBC70 /* EMErrorCode.h */,
				8337709D1CCE882700ABBC70 /* EMFileMessageBody.h */,
				8337709E1CCE882700ABBC70 /* EMGroup.h */,
				8337709F1CCE882700ABBC70 /* EMGroupManagerDelegate.h */,
				833770A01CCE882700ABBC70 /* EMGroupOptions.h */,
				833770A11CCE882700ABBC70 /* EMImageMessageBody.h */,
				833770A21CCE882700ABBC70 /* EMLocationMessageBody.h */,
				833770A31CCE882700ABBC70 /* EMMessage.h */,
				833770A41CCE882700ABBC70 /* EMMessageBody.h */,
				833770A51CCE882700ABBC70 /* EMOptions+PrivateDeploy.h */,
				833770A61CCE882700ABBC70 /* EMOptions.h */,
				833770A71CCE882700ABBC70 /* EMPushOptions.h */,
				833770A81CCE882700ABBC70 /* EMSDK.h */,
				833770A91CCE882700ABBC70 /* EMSDKFull.h */,
				833770AA1CCE882700ABBC70 /* EMTextMessageBody.h */,
				833770AB1CCE882700ABBC70 /* EMVideoMessageBody.h */,
				833770AC1CCE882700ABBC70 /* EMVoiceMessageBody.h */,
				833770AD1CCE882700ABBC70 /* IEMCallManager.h */,
				833770AE1CCE882700ABBC70 /* IEMChatManager.h */,
				833770AF1CCE882700ABBC70 /* IEMChatroomManager.h */,
				833770B01CCE882700ABBC70 /* IEMContactManager.h */,
				833770B11CCE882700ABBC70 /* IEMGroupManager.h */,
				833770B21CCE882700ABBC70 /* OpenGLView20.h */,
			);
			path = include;
			sourceTree = "<group>";
		};
		833770B31CCE882700ABBC70 /* lib */ = {
			isa = PBXGroup;
			children = (
				833770B41CCE882700ABBC70 /* libHyphenateSDK.a */,
			);
			path = lib;
			sourceTree = "<group>";
		};
		833770B51CCE882700ABBC70 /* Others */ = {
			isa = PBXGroup;
			children = (
			);
			path = Others;
			sourceTree = "<group>";
		};
		833770B61CCE882700ABBC70 /* Xib */ = {
			isa = PBXGroup;
			children = (
			);
			path = Xib;
			sourceTree = "<group>";
		};
		833770B81CCE886300ABBC70 /* Dependence */ = {
			isa = PBXGroup;
			children = (
				8337707B1CCE864B00ABBC70 /* SystemConfiguration.framework */,
				833770791CCE864100ABBC70 /* ImageIO.framework */,
				833770771CCE863600ABBC70 /* MobileCoreServices.framework */,
				833770751CCE862C00ABBC70 /* AudioToolbox.framework */,
				833770731CCE862300ABBC70 /* AVFoundation.framework */,
				833770711CCE861000ABBC70 /* CoreMedia.framework */,
				833770871CCE86D300ABBC70 /* libsqlite3.tbd */,
				833770851CCE86C500ABBC70 /* libstdc++.6.0.9.tbd */,
				833770831CCE86B900ABBC70 /* libz.tbd */,
				833770811CCE86AC00ABBC70 /* libresolv.tbd */,
				8337707F1CCE869E00ABBC70 /* libc++.tbd */,
				8337707D1CCE868D00ABBC70 /* libc++.1.tbd */,
			);
			path = Dependence;
			sourceTree = "<group>";
		};
/* End PBXGroup section */

/* Begin PBXNativeTarget section */
		8337700F1CCE855900ABBC70 /* AYuanChat */ = {
			isa = PBXNativeTarget;
			buildConfigurationList = 8337703D1CCE855900ABBC70 /* Build configuration list for PBXNativeTarget "AYuanChat" */;
			buildPhases = (
				8337700C1CCE855900ABBC70 /* Sources */,
				8337700D1CCE855900ABBC70 /* Frameworks */,
				8337700E1CCE855900ABBC70 /* Resources */,
			);
			buildRules = (
			);
			dependencies = (
			);
			name = AYuanChat;
			productName = AYuanChat;
			productReference = 833770101CCE855900ABBC70 /* AYuanChat.app */;
			productType = "com.apple.product-type.application";
		};
		833770281CCE855900ABBC70 /* AYuanChatTests */ = {
			isa = PBXNativeTarget;
			buildConfigurationList = 833770401CCE855900ABBC70 /* Build configuration list for PBXNativeTarget "AYuanChatTests" */;
			buildPhases = (
				833770251CCE855900ABBC70 /* Sources */,
				833770261CCE855900ABBC70 /* Frameworks */,
				833770271CCE855900ABBC70 /* Resources */,
			);
			buildRules = (
			);
			dependencies = (
				8337702B1CCE855900ABBC70 /* PBXTargetDependency */,
			);
			name = AYuanChatTests;
			productName = AYuanChatTests;
			productReference = 833770291CCE855900ABBC70 /* AYuanChatTests.xctest */;
			productType = "com.apple.product-type.bundle.unit-test";
		};
		833770331CCE855900ABBC70 /* AYuanChatUITests */ = {
			isa = PBXNativeTarget;
			buildConfigurationList = 833770431CCE855900ABBC70 /* Build configuration list for PBXNativeTarget "AYuanChatUITests" */;
			buildPhases = (
				833770301CCE855900ABBC70 /* Sources */,
				833770311CCE855900ABBC70 /* Frameworks */,
				833770321CCE855900ABBC70 /* Resources */,
			);
			buildRules = (
			);
			dependencies = (
				833770361CCE855900ABBC70 /* PBXTargetDependency */,
			);
			name = AYuanChatUITests;
			productName = AYuanChatUITests;
			productReference = 833770341CCE855900ABBC70 /* AYuanChatUITests.xctest */;
			productType = "com.apple.product-type.bundle.ui-testing";
		};
/* End PBXNativeTarget section */

/* Begin PBXProject section */
		833770081CCE855900ABBC70 /* Project object */ = {
			isa = PBXProject;
			attributes = {
				LastUpgradeCheck = 0720;
				ORGANIZATIONNAME = AYuan;
				TargetAttributes = {
					8337700F1CCE855900ABBC70 = {
						CreatedOnToolsVersion = 7.2;
					};
					833770281CCE855900ABBC70 = {
						CreatedOnToolsVersion = 7.2;
						TestTargetID = 8337700F1CCE855900ABBC70;
					};
					833770331CCE855900ABBC70 = {
						CreatedOnToolsVersion = 7.2;
						TestTargetID = 8337700F1CCE855900ABBC70;
					};
				};
			};
			buildConfigurationList = 8337700B1CCE855900ABBC70 /* Build configuration list for PBXProject "AYuanChat" */;
			compatibilityVersion = "Xcode 3.2";
			developmentRegion = English;
			hasScannedForEncodings = 0;
			knownRegions = (
				en,
				Base,
			);
			mainGroup = 833770071CCE855900ABBC70;
			productRefGroup = 833770111CCE855900ABBC70 /* Products */;
			projectDirPath = "";
			projectRoot = "";
			targets = (
				8337700F1CCE855900ABBC70 /* AYuanChat */,
				833770281CCE855900ABBC70 /* AYuanChatTests */,
				833770331CCE855900ABBC70 /* AYuanChatUITests */,
			);
		};
/* End PBXProject section */

/* Begin PBXResourcesBuildPhase section */
		8337700E1CCE855900ABBC70 /* Resources */ = {
			isa = PBXResourcesBuildPhase;
			buildActionMask = 2147483647;
			files = (
				831150A71CCF7764000519E8 /* Login.storyboard in Resources */,
				833770231CCE855900ABBC70 /* LaunchScreen.storyboard in Resources */,
				833770201CCE855900ABBC70 /* Assets.xcassets in Resources */,
				8337701E1CCE855900ABBC70 /* Main.storyboard in Resources */,
			);
			runOnlyForDeploymentPostprocessing = 0;
		};
		833770271CCE855900ABBC70 /* Resources */ = {
			isa = PBXResourcesBuildPhase;
			buildActionMask = 2147483647;
			files = (
			);
			runOnlyForDeploymentPostprocessing = 0;
		};
		833770321CCE855900ABBC70 /* Resources */ = {
			isa = PBXResourcesBuildPhase;
			buildActionMask = 2147483647;
			files = (
			);
			runOnlyForDeploymentPostprocessing = 0;
		};
/* End PBXResourcesBuildPhase section */

/* Begin PBXSourcesBuildPhase section */
		8337700C1CCE855900ABBC70 /* Sources */ = {
			isa = PBXSourcesBuildPhase;
			buildActionMask = 2147483647;
			files = (
				8337701B1CCE855900ABBC70 /* ViewController.m in Sources */,
				833770181CCE855900ABBC70 /* AppDelegate.m in Sources */,
				833770151CCE855900ABBC70 /* main.m in Sources */,
			);
			runOnlyForDeploymentPostprocessing = 0;
		};
		833770251CCE855900ABBC70 /* Sources */ = {
			isa = PBXSourcesBuildPhase;
			buildActionMask = 2147483647;
			files = (
				8337702E1CCE855900ABBC70 /* AYuanChatTests.m in Sources */,
			);
			runOnlyForDeploymentPostprocessing = 0;
		};
		833770301CCE855900ABBC70 /* Sources */ = {
			isa = PBXSourcesBuildPhase;
			buildActionMask = 2147483647;
			files = (
				833770391CCE855900ABBC70 /* AYuanChatUITests.m in Sources */,
			);
			runOnlyForDeploymentPostprocessing = 0;
		};
/* End PBXSourcesBuildPhase section */

/* Begin PBXTargetDependency section */
		8337702B1CCE855900ABBC70 /* PBXTargetDependency */ = {
			isa = PBXTargetDependency;
			target = 8337700F1CCE855900ABBC70 /* AYuanChat */;
			targetProxy = 8337702A1CCE855900ABBC70 /* PBXContainerItemProxy */;
		};
		833770361CCE855900ABBC70 /* PBXTargetDependency */ = {
			isa = PBXTargetDependency;
			target = 8337700F1CCE855900ABBC70 /* AYuanChat */;
			targetProxy = 833770351CCE855900ABBC70 /* PBXContainerItemProxy */;
		};
/* End PBXTargetDependency section */

/* Begin PBXVariantGroup section */
		8337701C1CCE855900ABBC70 /* Main.storyboard */ = {
			isa = PBXVariantGroup;
			children = (
				8337701D1CCE855900ABBC70 /* Base */,
			);
			name = Main.storyboard;
			sourceTree = "<group>";
		};
		833770211CCE855900ABBC70 /* LaunchScreen.storyboard */ = {
			isa = PBXVariantGroup;
			children = (
				833770221CCE855900ABBC70 /* Base */,
			);
			name = LaunchScreen.storyboard;
			sourceTree = "<group>";
		};
/* End PBXVariantGroup section */

/* Begin XCBuildConfiguration section */
		8337703B1CCE855900ABBC70 /* Debug */ = {
			isa = XCBuildConfiguration;
			buildSettings = {
				ALWAYS_SEARCH_USER_PATHS = NO;
				CLANG_CXX_LANGUAGE_STANDARD = "gnu++0x";
				CLANG_CXX_LIBRARY = "libc++";
				CLANG_ENABLE_MODULES = YES;
				CLANG_ENABLE_OBJC_ARC = YES;
				CLANG_WARN_BOOL_CONVERSION = YES;
				CLANG_WARN_CONSTANT_CONVERSION = YES;
				CLANG_WARN_DIRECT_OBJC_ISA_USAGE = YES_ERROR;
				CLANG_WARN_EMPTY_BODY = YES;
				CLANG_WARN_ENUM_CONVERSION = YES;
				CLANG_WARN_INT_CONVERSION = YES;
				CLANG_WARN_OBJC_ROOT_CLASS = YES_ERROR;
				CLANG_WARN_UNREACHABLE_CODE = YES;
				CLANG_WARN__DUPLICATE_METHOD_MATCH = YES;
				"CODE_SIGN_IDENTITY[sdk=iphoneos*]" = "iPhone Developer";
				COPY_PHASE_STRIP = NO;
				DEBUG_INFORMATION_FORMAT = dwarf;
				ENABLE_STRICT_OBJC_MSGSEND = YES;
				ENABLE_TESTABILITY = YES;
				GCC_C_LANGUAGE_STANDARD = gnu99;
				GCC_DYNAMIC_NO_PIC = NO;
				GCC_NO_COMMON_BLOCKS = YES;
				GCC_OPTIMIZATION_LEVEL = 0;
				GCC_PREPROCESSOR_DEFINITIONS = (
					"DEBUG=1",
					"$(inherited)",
				);
				GCC_WARN_64_TO_32_BIT_CONVERSION = YES;
				GCC_WARN_ABOUT_RETURN_TYPE = YES_ERROR;
				GCC_WARN_UNDECLARED_SELECTOR = YES;
				GCC_WARN_UNINITIALIZED_AUTOS = YES_AGGRESSIVE;
				GCC_WARN_UNUSED_FUNCTION = YES;
				GCC_WARN_UNUSED_VARIABLE = YES;
				IPHONEOS_DEPLOYMENT_TARGET = 9.2;
				MTL_ENABLE_DEBUG_INFO = YES;
				ONLY_ACTIVE_ARCH = YES;
				SDKROOT = iphoneos;
				TARGETED_DEVICE_FAMILY = "1,2";
			};
			name = Debug;
		};
		8337703C1CCE855900ABBC70 /* Release */ = {
			isa = XCBuildConfiguration;
			buildSettings = {
				ALWAYS_SEARCH_USER_PATHS = NO;
				CLANG_CXX_LANGUAGE_STANDARD = "gnu++0x";
				CLANG_CXX_LIBRARY = "libc++";
				CLANG_ENABLE_MODULES = YES;
				CLANG_ENABLE_OBJC_ARC = YES;
				CLANG_WARN_BOOL_CONVERSION = YES;
				CLANG_WARN_CONSTANT_CONVERSION = YES;
				CLANG_WARN_DIRECT_OBJC_ISA_USAGE = YES_ERROR;
				CLANG_WARN_EMPTY_BODY = YES;
				CLANG_WARN_ENUM_CONVERSION = YES;
				CLANG_WARN_INT_CONVERSION = YES;
				CLANG_WARN_OBJC_ROOT_CLASS = YES_ERROR;
				CLANG_WARN_UNREACHABLE_CODE = YES;
				CLANG_WARN__DUPLICATE_METHOD_MATCH = YES;
				"CODE_SIGN_IDENTITY[sdk=iphoneos*]" = "iPhone Developer";
				COPY_PHASE_STRIP = NO;
				DEBUG_INFORMATION_FORMAT = "dwarf-with-dsym";
				ENABLE_NS_ASSERTIONS = NO;
				ENABLE_STRICT_OBJC_MSGSEND = YES;
				GCC_C_LANGUAGE_STANDARD = gnu99;
				GCC_NO_COMMON_BLOCKS = YES;
				GCC_WARN_64_TO_32_BIT_CONVERSION = YES;
				GCC_WARN_ABOUT_RETURN_TYPE = YES_ERROR;
				GCC_WARN_UNDECLARED_SELECTOR = YES;
				GCC_WARN_UNINITIALIZED_AUTOS = YES_AGGRESSIVE;
				GCC_WARN_UNUSED_FUNCTION = YES;
				GCC_WARN_UNUSED_VARIABLE = YES;
				IPHONEOS_DEPLOYMENT_TARGET = 9.2;
				MTL_ENABLE_DEBUG_INFO = NO;
				SDKROOT = iphoneos;
				TARGETED_DEVICE_FAMILY = "1,2";
				VALIDATE_PRODUCT = YES;
			};
			name = Release;
		};
		8337703E1CCE855900ABBC70 /* Debug */ = {
			isa = XCBuildConfiguration;
			buildSettings = {
				ASSETCATALOG_COMPILER_APPICON_NAME = AppIcon;
				INFOPLIST_FILE = AYuanChat/Info.plist;
				LD_RUNPATH_SEARCH_PATHS = "$(inherited) @executable_path/Frameworks";
				LIBRARY_SEARCH_PATHS = (
					"$(inherited)",
					"$(PROJECT_DIR)/AYuanChat/HyphenateSDK/lib",
					"$(PROJECT_DIR)/AYuanChat/Classes/Lib/HyphenateSDK/lib",
				);
				OTHER_LDFLAGS = "";
				PRODUCT_BUNDLE_IDENTIFIER = ayuan.AYuanChat;
				PRODUCT_NAME = "$(TARGET_NAME)";
			};
			name = Debug;
		};
		8337703F1CCE855900ABBC70 /* Release */ = {
			isa = XCBuildConfiguration;
			buildSettings = {
				ASSETCATALOG_COMPILER_APPICON_NAME = AppIcon;
				INFOPLIST_FILE = AYuanChat/Info.plist;
				LD_RUNPATH_SEARCH_PATHS = "$(inherited) @executable_path/Frameworks";
				LIBRARY_SEARCH_PATHS = (
					"$(inherited)",
					"$(PROJECT_DIR)/AYuanChat/HyphenateSDK/lib",
					"$(PROJECT_DIR)/AYuanChat/Classes/Lib/HyphenateSDK/lib",
				);
				OTHER_LDFLAGS = "";
				PRODUCT_BUNDLE_IDENTIFIER = ayuan.AYuanChat;
				PRODUCT_NAME = "$(TARGET_NAME)";
			};
			name = Release;
		};
		833770411CCE855900ABBC70 /* Debug */ = {
			isa = XCBuildConfiguration;
			buildSettings = {
				BUNDLE_LOADER = "$(TEST_HOST)";
				INFOPLIST_FILE = AYuanChatTests/Info.plist;
				LD_RUNPATH_SEARCH_PATHS = "$(inherited) @executable_path/Frameworks @loader_path/Frameworks";
				PRODUCT_BUNDLE_IDENTIFIER = ayuan.AYuanChatTests;
				PRODUCT_NAME = "$(TARGET_NAME)";
				TEST_HOST = "$(BUILT_PRODUCTS_DIR)/AYuanChat.app/AYuanChat";
			};
			name = Debug;
		};
		833770421CCE855900ABBC70 /* Release */ = {
			isa = XCBuildConfiguration;
			buildSettings = {
				BUNDLE_LOADER = "$(TEST_HOST)";
				INFOPLIST_FILE = AYuanChatTests/Info.plist;
				LD_RUNPATH_SEARCH_PATHS = "$(inherited) @executable_path/Frameworks @loader_path/Frameworks";
				PRODUCT_BUNDLE_IDENTIFIER = ayuan.AYuanChatTests;
				PRODUCT_NAME = "$(TARGET_NAME)";
				TEST_HOST = "$(BUILT_PRODUCTS_DIR)/AYuanChat.app/AYuanChat";
			};
			name = Release;
		};
		833770441CCE855900ABBC70 /* Debug */ = {
			isa = XCBuildConfiguration;
			buildSettings = {
				INFOPLIST_FILE = AYuanChatUITests/Info.plist;
				LD_RUNPATH_SEARCH_PATHS = "$(inherited) @executable_path/Frameworks @loader_path/Frameworks";
				PRODUCT_BUNDLE_IDENTIFIER = ayuan.AYuanChatUITests;
				PRODUCT_NAME = "$(TARGET_NAME)";
				TEST_TARGET_NAME = AYuanChat;
				USES_XCTRUNNER = YES;
			};
			name = Debug;
		};
		833770451CCE855900ABBC70 /* Release */ = {
			isa = XCBuildConfiguration;
			buildSettings = {
				INFOPLIST_FILE = AYuanChatUITests/Info.plist;
				LD_RUNPATH_SEARCH_PATHS = "$(inherited) @executable_path/Frameworks @loader_path/Frameworks";
				PRODUCT_BUNDLE_IDENTIFIER = ayuan.AYuanChatUITests;
				PRODUCT_NAME = "$(TARGET_NAME)";
				TEST_TARGET_NAME = AYuanChat;
				USES_XCTRUNNER = YES;
			};
			name = Release;
		};
/* End XCBuildConfiguration section */

/* Begin XCConfigurationList section */
		8337700B1CCE855900ABBC70 /* Build configuration list for PBXProject "AYuanChat" */ = {
			isa = XCConfigurationList;
			buildConfigurations = (
				8337703B1CCE855900ABBC70 /* Debug */,
				8337703C1CCE855900ABBC70 /* Release */,
			);
			defaultConfigurationIsVisible = 0;
			defaultConfigurationName = Release;
		};
		8337703D1CCE855900ABBC70 /* Build configuration list for PBXNativeTarget "AYuanChat" */ = {
			isa = XCConfigurationList;
			buildConfigurations = (
				8337703E1CCE855900ABBC70 /* Debug */,
				8337703F1CCE855900ABBC70 /* Release */,
			);
			defaultConfigurationIsVisible = 0;
			defaultConfigurationName = Release;
		};
		833770401CCE855900ABBC70 /* Build configuration list for PBXNativeTarget "AYuanChatTests" */ = {
			isa = XCConfigurationList;
			buildConfigurations = (
				833770411CCE855900ABBC70 /* Debug */,
				833770421CCE855900ABBC70 /* Release */,
			);
			defaultConfigurationIsVisible = 0;
			defaultConfigurationName = Release;
		};
		833770431CCE855900ABBC70 /* Build configuration list for PBXNativeTarget "AYuanChatUITests" */ = {
			isa = XCConfigurationList;
			buildConfigurations = (
				833770441CCE855900ABBC70 /* Debug */,
				833770451CCE855900ABBC70 /* Release */,
			);
			defaultConfigurationIsVisible = 0;
			defaultConfigurationName = Release;
		};
/* End XCConfigurationList section */
	};
	rootObject = 833770081CCE855900ABBC70 /* Project object */;
}
